
Microsoft Visual Studio Solution File, Format Version 12.00
Project("{FAE04EC0-301F-11D3-BF4B-00C04F79EFBC}") = "clinicVeterinary", "clinicVeterinary\clinicVeterinary.csproj", "{962E6BB0-4E2A-4E9C-A655-DF0504C6B0CC}"
EndProject
Global
	GlobalSection(SolutionConfigurationPlatforms) = preSolution
		Debug|Any CPU = Debug|Any CPU
		Release|Any CPU = Release|Any CPU
	EndGlobalSection
	GlobalSection(ProjectConfigurationPlatforms) = postSolution
		{962E6BB0-4E2A-4E9C-A655-DF0504C6B0CC}.Debug|Any CPU.ActiveCfg = Debug|Any CPU
		{962E6BB0-4E2A-4E9C-A655-DF0504C6B0CC}.Debug|Any CPU.Build.0 = Debug|Any CPU
		{962E6BB0-4E2A-4E9C-A655-DF0504C6B0CC}.Release|Any CPU.ActiveCfg = Release|Any CPU
		{962E6BB0-4E2A-4E9C-A655-DF0504C6B0CC}.Release|Any CPU.Build.0 = Release|Any CPU
	EndGlobalSection
EndGlobal
